
Microsoft Visual Studio Solution File, Format Version 12.00
# Visual Studio Version 17
VisualStudioVersion = 17.0.31903.59
MinimumVisualStudioVersion = 10.0.40219.1
Project("{2150E333-8FDC-42A3-9474-1A3956D46DE8}") = "src", "src", "{C2D68257-2A9B-4475-AB69-678CEC7F33AC}"
EndProject
Project("{FAE04EC0-301F-11D3-BF4B-00C04F79EFBC}") = "Play.Catalog.Service", "src\Play.Catalog.Service\Play.Catalog.Service.csproj", "{EE9BE2B4-631A-4E6E-8C8F-F3261FB58D8E}"
EndProject
Project("{FAE04EC0-301F-11D3-BF4B-00C04F79EFBC}") = "Play.Catalog.Tests", "src\Play.Catalog.Tests\Play.Catalog.Tests.csproj", "{99690980-4521-454C-9DA4-9B9504CE0E2A}"
EndProject
Global
	GlobalSection(SolutionConfigurationPlatforms) = preSolution
		Debug|Any CPU = Debug|Any CPU
		Release|Any CPU = Release|Any CPU
	EndGlobalSection
	GlobalSection(SolutionProperties) = preSolution
		HideSolutionNode = FALSE
	EndGlobalSection
	GlobalSection(ProjectConfigurationPlatforms) = postSolution
		{EE9BE2B4-631A-4E6E-8C8F-F3261FB58D8E}.Debug|Any CPU.ActiveCfg = Debug|Any CPU
		{EE9BE2B4-631A-4E6E-8C8F-F3261FB58D8E}.Debug|Any CPU.Build.0 = Debug|Any CPU
		{EE9BE2B4-631A-4E6E-8C8F-F3261FB58D8E}.Release|Any CPU.ActiveCfg = Release|Any CPU
		{EE9BE2B4-631A-4E6E-8C8F-F3261FB58D8E}.Release|Any CPU.Build.0 = Release|Any CPU
		{99690980-4521-454C-9DA4-9B9504CE0E2A}.Debug|Any CPU.ActiveCfg = Debug|Any CPU
		{99690980-4521-454C-9DA4-9B9504CE0E2A}.Debug|Any CPU.Build.0 = Debug|Any CPU
		{99690980-4521-454C-9DA4-9B9504CE0E2A}.Release|Any CPU.ActiveCfg = Release|Any CPU
		{99690980-4521-454C-9DA4-9B9504CE0E2A}.Release|Any CPU.Build.0 = Release|Any CPU
	EndGlobalSection
	GlobalSection(NestedProjects) = preSolution
		{EE9BE2B4-631A-4E6E-8C8F-F3261FB58D8E} = {C2D68257-2A9B-4475-AB69-678CEC7F33AC}
		{99690980-4521-454C-9DA4-9B9504CE0E2A} = {C2D68257-2A9B-4475-AB69-678CEC7F33AC}
	EndGlobalSection
EndGlobal
